github.com/emersion/go-sasl v0.0.0-20200509203442-7bfe0ed36a21 h1:OJyUGMJTzHTd1XQp98QTaHernxMYzRaOasRir9hUlFQ=
github.com/emersion/go-sasl v0.0.0-20200509203442-7bfe0ed36a21/go.mod h1:iL2twTeMvZnrg54ZoPDNfJaJaqy0xIQFuBdrLsmspwQ=
github.com/jsuto/go-smtp v0.0.0-20250309200457-90c7ed3b0206 h1:yU7SOW1L/MxqI8U+NCSATg8ax1rBflgZ1Nhxqx8KsGc=
github.com/jsuto/go-smtp v0.0.0-20250309200457-90c7ed3b0206/go.mod h1:DY6fJaHCf7jQMEUp0Rm214UrR8/njdSazXkuMg72N80=
github.com/jsuto/go-smtp v0.0.0-20250309200834-c5737b414093 h1:WcA1bqtjKs9U8I+FXESUDwvlVrcNJsxeVstZeVnzuW4=
github.com/jsuto/go-smtp v0.0.0-20250309200834-c5737b414093/go.mod h1:DY6fJaHCf7jQMEUp0Rm214UrR8/njdSazXkuMg72N80=
github.com/jsuto/go-smtp v0.0.0-20250309201644-c68b9d1ba82e h1:9iyOGHnBca1j0MMk6/D331bz2iLIMTMy8BroJmKN/hk=
github.com/jsuto/go-smtp v0.0.0-20250309201644-c68b9d1ba82e/go.mod h1:DY6fJaHCf7jQMEUp0Rm214UrR8/njdSazXkuMg72N80=
github.com/jsuto/go-smtp v0.0.0-20250309202328-2ff9bf0fdd59 h1:wVEZWAX7oqQZxXpyvozaHyACMvOP0J83UP7MkKipYbE=
github.com/jsuto/go-smtp v0.0.0-20250309202328-2ff9bf0fdd59/go.mod h1:DY6fJaHCf7jQMEUp0Rm214UrR8/njdSazXkuMg72N80=
github.com/jsuto/go-smtp v0.0.0-20250310042653-3944d1c02c94 h1:ujZgRrBBuVj8gzHAaO+DUQlG2Ko4ZAIOmA3WWSbxkCQ=
github.com/jsuto/go-smtp v0.0.0-20250310042653-3944d1c02c94/go.mod h1:DY6fJaHCf7jQMEUp0Rm214UrR8/njdSazXkuMg72N80=
github.com/jsuto/go-smtp v0.0.0-20250310043345-f1141b02b0e1 h1:BnRiQgY4NMer9+htdnMip2w/b5OPur0leWbfSDW6C/0=
github.com/jsuto/go-smtp v0.0.0-20250310043345-f1141b02b0e1/go.mod h1:DY6fJaHCf7jQMEUp0Rm214UrR8/njdSazXkuMg72N80=
github.com/jsuto/go-smtp v0.0.0-20250310043643-869a60f5049b h1:XLaPD37Va8zGrLXfBIofppBIrkjm4Ob93fqXq8MqwT4=
github.com/jsuto/go-smtp v0.0.0-20250310043643-869a60f5049b/go.mod h1:DY6fJaHCf7jQMEUp0Rm214UrR8/njdSazXkuMg72N80=
github.com/jsuto/go-smtp v0.0.0-20250310043923-57abcbd55c1a h1:MLtP8IrqrBk0RUEXiT8V6pcBpSnONyQ9S2yXRpGLxsE=
github.com/jsuto/go-smtp v0.0.0-20250310043923-57abcbd55c1a/go.mod h1:DY6fJaHCf7jQMEUp0Rm214UrR8/njdSazXkuMg72N80=
github.com/jsuto/go-smtp v0.0.0-20250310044336-e0ceb5956c93 h1:dXUeXz13TXrPkTpz7i2FeGO2ogZxObF5Aa90PmWilQg=
github.com/jsuto/go-smtp v0.0.0-20250310044336-e0ceb5956c93/go.mod h1:DY6fJaHCf7jQMEUp0Rm214UrR8/njdSazXkuMg72N80=
github.com/jsuto/go-smtp v0.0.0-20250310044550-b4a7abf9f386 h1:edlVFo0aoAVk1nShuggaw5CAhdn+LYB23Qd8YtwRTDA=
github.com/jsuto/go-smtp v0.0.0-20250310044550-b4a7abf9f386/go.mod h1:DY6fJaHCf7jQMEUp0Rm214UrR8/njdSazXkuMg72N80=
github.com/jsuto/go-smtp v0.0.0-20250310050813-8363fd53124e h1:qCDbjG3icTEPGg710BDjqUxzhUS9etC6FETCkubpCh4=
github.com/jsuto/go-smtp v0.0.0-20250310050813-8363fd53124e/go.mod h1:DY6fJaHCf7jQMEUp0Rm214UrR8/njdSazXkuMg72N80=
github.com/jsuto/go-smtp v0.0.0-20250310051436-8a5d7dcc0969 h1:dF/2bHl0YDbgse0/YlAGE4hL8aQ4KJXkvyojzan+BYY=
github.com/jsuto/go-smtp v0.0.0-20250310051436-8a5d7dcc0969/go.mod h1:DY6fJaHCf7jQMEUp0Rm214UrR8/njdSazXkuMg72N80=
